
Microsoft Visual Studio Solution File, Format Version 12.00
# Visual Studio Version 17
VisualStudioVersion = 17.6.33723.286
MinimumVisualStudioVersion = 10.0.40219.1
Project("{9A19103F-16F7-4668-BE54-9A1E7A4F7556}") = "LaptopClass", "LaptopClass\LaptopClass.csproj", "{62AB2D9A-CAFB-45DE-A0BD-7DB8C8E2BF7A}"
EndProject
Project("{FAE04EC0-301F-11D3-BF4B-00C04F79EFBC}") = "Bavarage", "Bavarage\Bavarage.csproj", "{BE54EA4F-3B4E-46CC-AFA5-D355A1DE8257}"
EndProject
Global
	GlobalSection(SolutionConfigurationPlatforms) = preSolution
		Debug|Any CPU = Debug|Any CPU
		Release|Any CPU = Release|Any CPU
	EndGlobalSection
	GlobalSection(ProjectConfigurationPlatforms) = postSolution
		{62AB2D9A-CAFB-45DE-A0BD-7DB8C8E2BF7A}.Debug|Any CPU.ActiveCfg = Debug|Any CPU
		{62AB2D9A-CAFB-45DE-A0BD-7DB8C8E2BF7A}.Debug|Any CPU.Build.0 = Debug|Any CPU
		{62AB2D9A-CAFB-45DE-A0BD-7DB8C8E2BF7A}.Release|Any CPU.ActiveCfg = Release|Any CPU
		{62AB2D9A-CAFB-45DE-A0BD-7DB8C8E2BF7A}.Release|Any CPU.Build.0 = Release|Any CPU
		{BE54EA4F-3B4E-46CC-AFA5-D355A1DE8257}.Debug|Any CPU.ActiveCfg = Debug|Any CPU
		{BE54EA4F-3B4E-46CC-AFA5-D355A1DE8257}.Debug|Any CPU.Build.0 = Debug|Any CPU
		{BE54EA4F-3B4E-46CC-AFA5-D355A1DE8257}.Release|Any CPU.ActiveCfg = Release|Any CPU
		{BE54EA4F-3B4E-46CC-AFA5-D355A1DE8257}.Release|Any CPU.Build.0 = Release|Any CPU
	EndGlobalSection
	GlobalSection(SolutionProperties) = preSolution
		HideSolutionNode = FALSE
	EndGlobalSection
	GlobalSection(ExtensibilityGlobals) = postSolution
		SolutionGuid = {C185AEA4-A0B6-4802-82C2-A78AB20D947E}
	EndGlobalSection
EndGlobal
